
Microsoft Visual Studio Solution File, Format Version 12.00
# Visual Studio 15
VisualStudioVersion = 15.0.27130.2020
MinimumVisualStudioVersion = 10.0.40219.1
Project("{FAE04EC0-301F-11D3-BF4B-00C04F79EFBC}") = "CALCULADORA_VLSM_v5.0", "CALCULADORA_VLSM_v5.0\CALCULADORA_VLSM_v5.0.csproj", "{C86B4AC5-95DD-4507-BE02-560A0C841DBD}"
EndProject
Global
	GlobalSection(SolutionConfigurationPlatforms) = preSolution
		Debug|Any CPU = Debug|Any CPU
		Release|Any CPU = Release|Any CPU
	EndGlobalSection
	GlobalSection(ProjectConfigurationPlatforms) = postSolution
		{C86B4AC5-95DD-4507-BE02-560A0C841DBD}.Debug|Any CPU.ActiveCfg = Debug|Any CPU
		{C86B4AC5-95DD-4507-BE02-560A0C841DBD}.Debug|Any CPU.Build.0 = Debug|Any CPU
		{C86B4AC5-95DD-4507-BE02-560A0C841DBD}.Release|Any CPU.ActiveCfg = Release|Any CPU
		{C86B4AC5-95DD-4507-BE02-560A0C841DBD}.Release|Any CPU.Build.0 = Release|Any CPU
	EndGlobalSection
	GlobalSection(SolutionProperties) = preSolution
		HideSolutionNode = FALSE
	EndGlobalSection
	GlobalSection(ExtensibilityGlobals) = postSolution
		SolutionGuid = {34E816D4-0F7B-4C44-86C2-0DA3A018B5E0}
	EndGlobalSection
EndGlobal
